
Microsoft Visual Studio Solution File, Format Version 12.00
# Visual Studio Version 16
VisualStudioVersion = 16.0.31019.35
MinimumVisualStudioVersion = 10.0.40219.1
Project("{2150E333-8FDC-42A3-9474-1A3956D46DE8}") = "Core", "Core", "{418486C9-CB92-4925-935E-F1747B8E71D1}"
EndProject
Project("{2150E333-8FDC-42A3-9474-1A3956D46DE8}") = "Infrastructure", "Infrastructure", "{9AD5CAFF-DD3E-402C-89BD-0A06041198DE}"
EndProject
Project("{2150E333-8FDC-42A3-9474-1A3956D46DE8}") = "Presentation", "Presentation", "{6359E8DD-F3A1-4CC9-AAA7-74BF12A787F9}"
EndProject
Project("{FAE04EC0-301F-11D3-BF4B-00C04F79EFBC}") = "LibMotors.Domain", "LibMotors.Domain\LibMotors.Domain.csproj", "{B75FE214-74FD-410A-BFBD-432A88CBA2EA}"
EndProject
Project("{FAE04EC0-301F-11D3-BF4B-00C04F79EFBC}") = "LibMotors.Application", "LibMotors.Application\LibMotors.Application.csproj", "{A402BBC2-65F1-4768-82CC-0A7F96839FE6}"
EndProject
Project("{FAE04EC0-301F-11D3-BF4B-00C04F79EFBC}") = "LibMotors.Persistence", "LibMotors.Persistence\LibMotors.Persistence.csproj", "{EB7E42A5-731F-484E-A314-DF6AA238C93A}"
EndProject
Project("{FAE04EC0-301F-11D3-BF4B-00C04F79EFBC}") = "LibMotors.WebApi", "LibMotors.WebApi\LibMotors.WebApi.csproj", "{AF83B188-B8E4-48A1-9325-7F29520D5CB6}"
EndProject
Global
	GlobalSection(SolutionConfigurationPlatforms) = preSolution
		Debug|Any CPU = Debug|Any CPU
		Release|Any CPU = Release|Any CPU
	EndGlobalSection
	GlobalSection(ProjectConfigurationPlatforms) = postSolution
		{B75FE214-74FD-410A-BFBD-432A88CBA2EA}.Debug|Any CPU.ActiveCfg = Debug|Any CPU
		{B75FE214-74FD-410A-BFBD-432A88CBA2EA}.Debug|Any CPU.Build.0 = Debug|Any CPU
		{B75FE214-74FD-410A-BFBD-432A88CBA2EA}.Release|Any CPU.ActiveCfg = Release|Any CPU
		{B75FE214-74FD-410A-BFBD-432A88CBA2EA}.Release|Any CPU.Build.0 = Release|Any CPU
		{A402BBC2-65F1-4768-82CC-0A7F96839FE6}.Debug|Any CPU.ActiveCfg = Debug|Any CPU
		{A402BBC2-65F1-4768-82CC-0A7F96839FE6}.Debug|Any CPU.Build.0 = Debug|Any CPU
		{A402BBC2-65F1-4768-82CC-0A7F96839FE6}.Release|Any CPU.ActiveCfg = Release|Any CPU
		{A402BBC2-65F1-4768-82CC-0A7F96839FE6}.Release|Any CPU.Build.0 = Release|Any CPU
		{EB7E42A5-731F-484E-A314-DF6AA238C93A}.Debug|Any CPU.ActiveCfg = Debug|Any CPU
		{EB7E42A5-731F-484E-A314-DF6AA238C93A}.Debug|Any CPU.Build.0 = Debug|Any CPU
		{EB7E42A5-731F-484E-A314-DF6AA238C93A}.Release|Any CPU.ActiveCfg = Release|Any CPU
		{EB7E42A5-731F-484E-A314-DF6AA238C93A}.Release|Any CPU.Build.0 = Release|Any CPU
		{AF83B188-B8E4-48A1-9325-7F29520D5CB6}.Debug|Any CPU.ActiveCfg = Debug|Any CPU
		{AF83B188-B8E4-48A1-9325-7F29520D5CB6}.Debug|Any CPU.Build.0 = Debug|Any CPU
		{AF83B188-B8E4-48A1-9325-7F29520D5CB6}.Release|Any CPU.ActiveCfg = Release|Any CPU
		{AF83B188-B8E4-48A1-9325-7F29520D5CB6}.Release|Any CPU.Build.0 = Release|Any CPU
	EndGlobalSection
	GlobalSection(SolutionProperties) = preSolution
		HideSolutionNode = FALSE
	EndGlobalSection
	GlobalSection(NestedProjects) = preSolution
		{B75FE214-74FD-410A-BFBD-432A88CBA2EA} = {418486C9-CB92-4925-935E-F1747B8E71D1}
		{A402BBC2-65F1-4768-82CC-0A7F96839FE6} = {418486C9-CB92-4925-935E-F1747B8E71D1}
		{EB7E42A5-731F-484E-A314-DF6AA238C93A} = {9AD5CAFF-DD3E-402C-89BD-0A06041198DE}
		{AF83B188-B8E4-48A1-9325-7F29520D5CB6} = {6359E8DD-F3A1-4CC9-AAA7-74BF12A787F9}
	EndGlobalSection
	GlobalSection(ExtensibilityGlobals) = postSolution
		SolutionGuid = {BAC836FA-3DAB-4E3D-AAA7-5BFCBBC801DA}
	EndGlobalSection
EndGlobal
